
Microsoft Visual Studio Solution File, Format Version 12.00
# Visual Studio Version 17
VisualStudioVersion = 17.12.35527.113 d17.12
MinimumVisualStudioVersion = 10.0.40219.1
Project("{FAE04EC0-301F-11D3-BF4B-00C04F79EFBC}") = "EFCodeFirstExcercise1", "EFCodeFirstExcercise1.csproj", "{CC83FD67-D83F-453D-9997-31AA4E950B6E}"
EndProject
Global
	GlobalSection(SolutionConfigurationPlatforms) = preSolution
		Debug|Any CPU = Debug|Any CPU
		Release|Any CPU = Release|Any CPU
	EndGlobalSection
	GlobalSection(ProjectConfigurationPlatforms) = postSolution
		{CC83FD67-D83F-453D-9997-31AA4E950B6E}.Debug|Any CPU.ActiveCfg = Debug|Any CPU
		{CC83FD67-D83F-453D-9997-31AA4E950B6E}.Debug|Any CPU.Build.0 = Debug|Any CPU
		{CC83FD67-D83F-453D-9997-31AA4E950B6E}.Release|Any CPU.ActiveCfg = Release|Any CPU
		{CC83FD67-D83F-453D-9997-31AA4E950B6E}.Release|Any CPU.Build.0 = Release|Any CPU
	EndGlobalSection
	GlobalSection(SolutionProperties) = preSolution
		HideSolutionNode = FALSE
	EndGlobalSection
EndGlobal
